
Microsoft Visual Studio Solution File, Format Version 12.00
# Visual Studio 2017
Project("{FAE04EC0-301F-11D3-BF4B-00C04F79EFBC}") = "Homecoming!", "Homecoming!.csproj", "{295C3725-E547-7953-AD82-B4084F74806C}"
EndProject
Global
	GlobalSection(SolutionConfigurationPlatforms) = preSolution
		Debug|Any CPU = Debug|Any CPU
		Release|Any CPU = Release|Any CPU
	EndGlobalSection
	GlobalSection(ProjectConfigurationPlatforms) = postSolution
		{295C3725-E547-7953-AD82-B4084F74806C}.Debug|Any CPU.ActiveCfg = Debug|Any CPU
		{295C3725-E547-7953-AD82-B4084F74806C}.Debug|Any CPU.Build.0 = Debug|Any CPU
		{295C3725-E547-7953-AD82-B4084F74806C}.Release|Any CPU.ActiveCfg = Release|Any CPU
		{295C3725-E547-7953-AD82-B4084F74806C}.Release|Any CPU.Build.0 = Release|Any CPU
	EndGlobalSection
	GlobalSection(SolutionProperties) = preSolution
		HideSolutionNode = FALSE
	EndGlobalSection
EndGlobal
